
Microsoft Visual Studio Solution File, Format Version 12.00
# Visual Studio Version 17
VisualStudioVersion = 17.4.33103.184
MinimumVisualStudioVersion = 10.0.40219.1
Project("{FAE04EC0-301F-11D3-BF4B-00C04F79EFBC}") = "TextEditorDemoApp", "WindowsFormsApp1\TextEditorDemoApp.csproj", "{BF59601A-0526-49B3-887C-D0CD6FF5E0CA}"
EndProject
Global
	GlobalSection(SolutionConfigurationPlatforms) = preSolution
		Debug|Any CPU = Debug|Any CPU
		Release|Any CPU = Release|Any CPU
	EndGlobalSection
	GlobalSection(ProjectConfigurationPlatforms) = postSolution
		{BF59601A-0526-49B3-887C-D0CD6FF5E0CA}.Debug|Any CPU.ActiveCfg = Debug|Any CPU
		{BF59601A-0526-49B3-887C-D0CD6FF5E0CA}.Debug|Any CPU.Build.0 = Debug|Any CPU
		{BF59601A-0526-49B3-887C-D0CD6FF5E0CA}.Release|Any CPU.ActiveCfg = Release|Any CPU
		{BF59601A-0526-49B3-887C-D0CD6FF5E0CA}.Release|Any CPU.Build.0 = Release|Any CPU
	EndGlobalSection
	GlobalSection(SolutionProperties) = preSolution
		HideSolutionNode = FALSE
	EndGlobalSection
	GlobalSection(ExtensibilityGlobals) = postSolution
		SolutionGuid = {581E7C6E-D297-4AAF-9278-3D0742093A89}
	EndGlobalSection
EndGlobal
